// !$*UTF8*$!
{
	archiveVersion = 1;
	classes = {
	};
	objectVersion = 77;
	objects = {

/* Begin PBXBuildFile section */
		403A83222F845E1E006A346B /* ContentView.swift in Sources */ = {isa = PBXBuildFile; fileRef = 403A83122F845E1E006A346B /* ContentView.swift */; };
		403A83232F845E1E006A346B /* IconPickerView.swift in Sources */ = {isa = PBXBuildFile; fileRef = 403A83162F845E1E006A346B /* IconPickerView.swift */; };
		403A83242F845E1E006A346B /* Conversation.swift in Sources */ = {isa = PBXBuildFile; fileRef = 403A83132F845E1E006A346B /* Conversation.swift */; };
		403A83252F845E1E006A346B /* FirstAidChunk.swift in Sources */ = {isa = PBXBuildFile; fileRef = 403A83152F845E1E006A346B /* FirstAidChunk.swift */; };
		403A83262F845E1E006A346B /* KitIconColor.swift in Sources */ = {isa = PBXBuildFile; fileRef = 403A831B2F845E1E006A346B /* KitIconColor.swift */; };
		403A83272F845E1E006A346B /* KitItem.swift in Sources */ = {isa = PBXBuildFile; fileRef = 403A831C2F845E1E006A346B /* KitItem.swift */; };
		403A83282F845E1E006A346B /* KitDetailView.swift in Sources */ = {isa = PBXBuildFile; fileRef = 403A831A2F845E1E006A346B /* KitDetailView.swift */; };
		403A83292F845E1E006A346B /* SettingsView.swift in Sources */ = {isa = PBXBuildFile; fileRef = 403A83202F845E1E006A346B /* SettingsView.swift */; };
		403A832A2F845E1E006A346B /* AssistantView.swift in Sources */ = {isa = PBXBuildFile; fileRef = 403A83112F845E1E006A346B /* AssistantView.swift */; };
		403A832B2F845E1E006A346B /* Kit.swift in Sources */ = {isa = PBXBuildFile; fileRef = 403A83192F845E1E006A346B /* Kit.swift */; };
		403A832C2F845E1E006A346B /* InventoryView.swift in Sources */ = {isa = PBXBuildFile; fileRef = 403A83172F845E1E006A346B /* InventoryView.swift */; };
		403A832D2F845E1E006A346B /* AddEditItemView.swift in Sources */ = {isa = PBXBuildFile; fileRef = 403A830C2F845E1E006A346B /* AddEditItemView.swift */; };
		403A832E2F845E1E006A346B /* ReferenceView.swift in Sources */ = {isa = PBXBuildFile; fileRef = 403A831F2F845E1E006A346B /* ReferenceView.swift */; };
		403A832F2F845E1E006A346B /* APIClient.swift in Sources */ = {isa = PBXBuildFile; fileRef = 403A830E2F845E1E006A346B /* APIClient.swift */; };
		403A83302F845E1E006A346B /* AppSchema.swift in Sources */ = {isa = PBXBuildFile; fileRef = 403A830F2F845E1E006A346B /* AppSchema.swift */; };
		403A83312F845E1E006A346B /* ItemCategory.swift in Sources */ = {isa = PBXBuildFile; fileRef = 403A83182F845E1E006A346B /* ItemCategory.swift */; };
		403A83322F845E1E006A346B /* QMApp.swift in Sources */ = {isa = PBXBuildFile; fileRef = 403A831E2F845E1E006A346B /* QMApp.swift */; };
		403A83332F845E1E006A346B /* KitListView.swift in Sources */ = {isa = PBXBuildFile; fileRef = 403A831D2F845E1E006A346B /* KitListView.swift */; };
		403A83342F845E1E006A346B /* AddEditKitView.swift in Sources */ = {isa = PBXBuildFile; fileRef = 403A830D2F845E1E006A346B /* AddEditKitView.swift */; };
		403A83352F845E1E006A346B /* Assets.xcassets in Resources */ = {isa = PBXBuildFile; fileRef = 403A83102F845E1E006A346B /* Assets.xcassets */; };
		403A83362F845E1E006A346B /* first_aid_chunks.json in Resources */ = {isa = PBXBuildFile; fileRef = 403A83142F845E1E006A346B /* first_aid_chunks.json */; };
/* End PBXBuildFile section */

/* Begin PBXContainerItemProxy section */
		4074EBF22F70AEC2003DC839 /* PBXContainerItemProxy */ = {
			isa = PBXContainerItemProxy;
			containerPortal = 4074EBDA2F70AEC1003DC839 /* Project object */;
			proxyType = 1;
			remoteGlobalIDString = 4074EBE12F70AEC1003DC839;
			remoteInfo = QM;
		};
		4074EBFC2F70AEC2003DC839 /* PBXContainerItemProxy */ = {
			isa = PBXContainerItemProxy;
			containerPortal = 4074EBDA2F70AEC1003DC839 /* Project object */;
			proxyType = 1;
			remoteGlobalIDString = 4074EBE12F70AEC1003DC839;
			remoteInfo = QM;
		};
/* End PBXContainerItemProxy section */

/* Begin PBXFileReference section */
		403A830C2F845E1E006A346B /* AddEditItemView.swift */ = {isa = PBXFileReference; lastKnownFileType = sourcecode.swift; path = AddEditItemView.swift; sourceTree = "<group>"; };
		403A830D2F845E1E006A346B /* AddEditKitView.swift */ = {isa = PBXFileReference; lastKnownFileType = sourcecode.swift; path = AddEditKitView.swift; sourceTree = "<group>"; };
		403A830E2F845E1E006A346B /* APIClient.swift */ = {isa = PBXFileReference; lastKnownFileType = sourcecode.swift; path = APIClient.swift; sourceTree = "<group>"; };
		403A830F2F845E1E006A346B /* AppSchema.swift */ = {isa = PBXFileReference; lastKnownFileType = sourcecode.swift; path = AppSchema.swift; sourceTree = "<group>"; };
		403A83102F845E1E006A346B /* Assets.xcassets */ = {isa = PBXFileReference; lastKnownFileType = folder.assetcatalog; path = Assets.xcassets; sourceTree = "<group>"; };
		403A83112F845E1E006A346B /* AssistantView.swift */ = {isa = PBXFileReference; lastKnownFileType = sourcecode.swift; path = AssistantView.swift; sourceTree = "<group>"; };
		403A83122F845E1E006A346B /* ContentView.swift */ = {isa = PBXFileReference; lastKnownFileType = sourcecode.swift; path = ContentView.swift; sourceTree = "<group>"; };
		403A83132F845E1E006A346B /* Conversation.swift */ = {isa = PBXFileReference; lastKnownFileType = sourcecode.swift; path = Conversation.swift; sourceTree = "<group>"; };
		403A83142F845E1E006A346B /* first_aid_chunks.json */ = {isa = PBXFileReference; lastKnownFileType = text.json; path = first_aid_chunks.json; sourceTree = "<group>"; };
		403A83152F845E1E006A346B /* FirstAidChunk.swift */ = {isa = PBXFileReference; lastKnownFileType = sourcecode.swift; path = FirstAidChunk.swift; sourceTree = "<group>"; };
		403A83162F845E1E006A346B /* IconPickerView.swift */ = {isa = PBXFileReference; lastKnownFileType = sourcecode.swift; path = IconPickerView.swift; sourceTree = "<group>"; };
		403A83172F845E1E006A346B /* InventoryView.swift */ = {isa = PBXFileReference; lastKnownFileType = sourcecode.swift; path = InventoryView.swift; sourceTree = "<group>"; };
		403A83182F845E1E006A346B /* ItemCategory.swift */ = {isa = PBXFileReference; lastKnownFileType = sourcecode.swift; path = ItemCategory.swift; sourceTree = "<group>"; };
		403A83192F845E1E006A346B /* Kit.swift */ = {isa = PBXFileReference; lastKnownFileType = sourcecode.swift; path = Kit.swift; sourceTree = "<group>"; };
		403A831A2F845E1E006A346B /* KitDetailView.swift */ = {isa = PBXFileReference; lastKnownFileType = sourcecode.swift; path = KitDetailView.swift; sourceTree = "<group>"; };
		403A831B2F845E1E006A346B /* KitIconColor.swift */ = {isa = PBXFileReference; lastKnownFileType = sourcecode.swift; path = KitIconColor.swift; sourceTree = "<group>"; };
		403A831C2F845E1E006A346B /* KitItem.swift */ = {isa = PBXFileReference; lastKnownFileType = sourcecode.swift; path = KitItem.swift; sourceTree = "<group>"; };
		403A831D2F845E1E006A346B /* KitListView.swift */ = {isa = PBXFileReference; lastKnownFileType = sourcecode.swift; path = KitListView.swift; sourceTree = "<group>"; };
		403A831E2F845E1E006A346B /* QMApp.swift */ = {isa = PBXFileReference; lastKnownFileType = sourcecode.swift; path = QMApp.swift; sourceTree = "<group>"; };
		403A831F2F845E1E006A346B /* ReferenceView.swift */ = {isa = PBXFileReference; lastKnownFileType = sourcecode.swift; path = ReferenceView.swift; sourceTree = "<group>"; };
		403A83202F845E1E006A346B /* SettingsView.swift */ = {isa = PBXFileReference; lastKnownFileType = sourcecode.swift; path = SettingsView.swift; sourceTree = "<group>"; };
		4074EBE22F70AEC1003DC839 /* QM.app */ = {isa = PBXFileReference; explicitFileType = wrapper.application; includeInIndex = 0; path = QM.app; sourceTree = BUILT_PRODUCTS_DIR; };
		4074EBF12F70AEC2003DC839 /* QMTests.xctest */ = {isa = PBXFileReference; explicitFileType = wrapper.cfbundle; includeInIndex = 0; path = QMTests.xctest; sourceTree = BUILT_PRODUCTS_DIR; };
		4074EBFB2F70AEC2003DC839 /* QMUITests.xctest */ = {isa = PBXFileReference; explicitFileType = wrapper.cfbundle; includeInIndex = 0; path = QMUITests.xctest; sourceTree = BUILT_PRODUCTS_DIR; };
/* End PBXFileReference section */

/* Begin PBXFileSystemSynchronizedRootGroup section */
		4074EBE42F70AEC1003DC839 /* QM */ = {
			isa = PBXFileSystemSynchronizedRootGroup;
			path = QM;
			sourceTree = "<group>";
		};
		4074EBF42F70AEC2003DC839 /* QMTests */ = {
			isa = PBXFileSystemSynchronizedRootGroup;
			path = QMTests;
			sourceTree = "<group>";
		};
		4074EBFE2F70AEC2003DC839 /* QMUITests */ = {
			isa = PBXFileSystemSynchronizedRootGroup;
			path = QMUITests;
			sourceTree = "<group>";
		};
/* End PBXFileSystemSynchronizedRootGroup section */

/* Begin PBXFrameworksBuildPhase section */
		4074EBDF2F70AEC1003DC839 /* Frameworks */ = {
			isa = PBXFrameworksBuildPhase;
			buildActionMask = 2147483647;
			files = (
			);
			runOnlyForDeploymentPostprocessing = 0;
		};
		4074EBEE2F70AEC2003DC839 /* Frameworks */ = {
			isa = PBXFrameworksBuildPhase;
			buildActionMask = 2147483647;
			files = (
			);
			runOnlyForDeploymentPostprocessing = 0;
		};
		4074EBF82F70AEC2003DC839 /* Frameworks */ = {
			isa = PBXFrameworksBuildPhase;
			buildActionMask = 2147483647;
			files = (
			);
			runOnlyForDeploymentPostprocessing = 0;
		};
/* End PBXFrameworksBuildPhase section */

/* Begin PBXGroup section */
		403A83212F845E1E006A346B /* QM */ = {
			isa = PBXGroup;
			children = (
				403A830C2F845E1E006A346B /* AddEditItemView.swift */,
				403A830D2F845E1E006A346B /* AddEditKitView.swift */,
				403A830E2F845E1E006A346B /* APIClient.swift */,
				403A830F2F845E1E006A346B /* AppSchema.swift */,
				403A83102F845E1E006A346B /* Assets.xcassets */,
				403A83112F845E1E006A346B /* AssistantView.swift */,
				403A83122F845E1E006A346B /* ContentView.swift */,
				403A83132F845E1E006A346B /* Conversation.swift */,
				403A83142F845E1E006A346B /* first_aid_chunks.json */,
				403A83152F845E1E006A346B /* FirstAidChunk.swift */,
				403A83162F845E1E006A346B /* IconPickerView.swift */,
				403A83172F845E1E006A346B /* InventoryView.swift */,
				403A83182F845E1E006A346B /* ItemCategory.swift */,
				403A83192F845E1E006A346B /* Kit.swift */,
				403A831A2F845E1E006A346B /* KitDetailView.swift */,
				403A831B2F845E1E006A346B /* KitIconColor.swift */,
				403A831C2F845E1E006A346B /* KitItem.swift */,
				403A831D2F845E1E006A346B /* KitListView.swift */,
				403A831E2F845E1E006A346B /* QMApp.swift */,
				403A831F2F845E1E006A346B /* ReferenceView.swift */,
				403A83202F845E1E006A346B /* SettingsView.swift */,
			);
			path = QM;
			sourceTree = "<group>";
		};
		4074EBD92F70AEC1003DC839 = {
			isa = PBXGroup;
			children = (
				403A83212F845E1E006A346B /* QM */,
				4074EBE42F70AEC1003DC839 /* QM */,
				4074EBF42F70AEC2003DC839 /* QMTests */,
				4074EBFE2F70AEC2003DC839 /* QMUITests */,
				4074EBE32F70AEC1003DC839 /* Products */,
			);
			sourceTree = "<group>";
		};
		4074EBE32F70AEC1003DC839 /* Products */ = {
			isa = PBXGroup;
			children = (
				4074EBE22F70AEC1003DC839 /* QM.app */,
				4074EBF12F70AEC2003DC839 /* QMTests.xctest */,
				4074EBFB2F70AEC2003DC839 /* QMUITests.xctest */,
			);
			name = Products;
			sourceTree = "<group>";
		};
/* End PBXGroup section */

/* Begin PBXNativeTarget section */
		4074EBE12F70AEC1003DC839 /* QM */ = {
			isa = PBXNativeTarget;
			buildConfigurationList = 4074EC052F70AEC2003DC839 /* Build configuration list for PBXNativeTarget "QM" */;
			buildPhases = (
				4074EBDE2F70AEC1003DC839 /* Sources */,
				4074EBDF2F70AEC1003DC839 /* Frameworks */,
				4074EBE02F70AEC1003DC839 /* Resources */,
			);
			buildRules = (
			);
			dependencies = (
			);
			fileSystemSynchronizedGroups = (
				4074EBE42F70AEC1003DC839 /* QM */,
			);
			name = QM;
			packageProductDependencies = (
			);
			productName = QM;
			productReference = 4074EBE22F70AEC1003DC839 /* QM.app */;
			productType = "com.apple.product-type.application";
		};
		4074EBF02F70AEC2003DC839 /* QMTests */ = {
			isa = PBXNativeTarget;
			buildConfigurationList = 4074EC082F70AEC2003DC839 /* Build configuration list for PBXNativeTarget "QMTests" */;
			buildPhases = (
				4074EBED2F70AEC2003DC839 /* Sources */,
				4074EBEE2F70AEC2003DC839 /* Frameworks */,
				4074EBEF2F70AEC2003DC839 /* Resources */,
			);
			buildRules = (
			);
			dependencies = (
				4074EBF32F70AEC2003DC839 /* PBXTargetDependency */,
			);
			fileSystemSynchronizedGroups = (
				4074EBF42F70AEC2003DC839 /* QMTests */,
			);
			name = QMTests;
			packageProductDependencies = (
			);
			productName = QMTests;
			productReference = 4074EBF12F70AEC2003DC839 /* QMTests.xctest */;
			productType = "com.apple.product-type.bundle.unit-test";
		};
		4074EBFA2F70AEC2003DC839 /* QMUITests */ = {
			isa = PBXNativeTarget;
			buildConfigurationList = 4074EC0B2F70AEC2003DC839 /* Build configuration list for PBXNativeTarget "QMUITests" */;
			buildPhases = (
				4074EBF72F70AEC2003DC839 /* Sources */,
				4074EBF82F70AEC2003DC839 /* Frameworks */,
				4074EBF92F70AEC2003DC839 /* Resources */,
			);
			buildRules = (
			);
			dependencies = (
				4074EBFD2F70AEC2003DC839 /* PBXTargetDependency */,
			);
			fileSystemSynchronizedGroups = (
				4074EBFE2F70AEC2003DC839 /* QMUITests */,
			);
			name = QMUITests;
			packageProductDependencies = (
			);
			productName = QMUITests;
			productReference = 4074EBFB2F70AEC2003DC839 /* QMUITests.xctest */;
			productType = "com.apple.product-type.bundle.ui-testing";
		};
/* End PBXNativeTarget section */

/* Begin PBXProject section */
		4074EBDA2F70AEC1003DC839 /* Project object */ = {
			isa = PBXProject;
			attributes = {
				BuildIndependentTargetsInParallel = 1;
				LastSwiftUpdateCheck = 2610;
				LastUpgradeCheck = 2610;
				TargetAttributes = {
					4074EBE12F70AEC1003DC839 = {
						CreatedOnToolsVersion = 26.1.1;
					};
					4074EBF02F70AEC2003DC839 = {
						CreatedOnToolsVersion = 26.1.1;
						TestTargetID = 4074EBE12F70AEC1003DC839;
					};
					4074EBFA2F70AEC2003DC839 = {
						CreatedOnToolsVersion = 26.1.1;
						TestTargetID = 4074EBE12F70AEC1003DC839;
					};
				};
			};
			buildConfigurationList = 4074EBDD2F70AEC1003DC839 /* Build configuration list for PBXProject "QM" */;
			developmentRegion = en;
			hasScannedForEncodings = 0;
			knownRegions = (
				en,
				Base,
			);
			mainGroup = 4074EBD92F70AEC1003DC839;
			minimizedProjectReferenceProxies = 1;
			preferredProjectObjectVersion = 77;
			productRefGroup = 4074EBE32F70AEC1003DC839 /* Products */;
			projectDirPath = "";
			projectRoot = "";
			targets = (
				4074EBE12F70AEC1003DC839 /* QM */,
				4074EBF02F70AEC2003DC839 /* QMTests */,
				4074EBFA2F70AEC2003DC839 /* QMUITests */,
			);
		};
/* End PBXProject section */

/* Begin PBXResourcesBuildPhase section */
		4074EBE02F70AEC1003DC839 /* Resources */ = {
			isa = PBXResourcesBuildPhase;
			buildActionMask = 2147483647;
			files = (
				403A83352F845E1E006A346B /* Assets.xcassets in Resources */,
				403A83362F845E1E006A346B /* first_aid_chunks.json in Resources */,
			);
			runOnlyForDeploymentPostprocessing = 0;
		};
		4074EBEF2F70AEC2003DC839 /* Resources */ = {
			isa = PBXResourcesBuildPhase;
			buildActionMask = 2147483647;
			files = (
			);
			runOnlyForDeploymentPostprocessing = 0;
		};
		4074EBF92F70AEC2003DC839 /* Resources */ = {
			isa = PBXResourcesBuildPhase;
			buildActionMask = 2147483647;
			files = (
			);
			runOnlyForDeploymentPostprocessing = 0;
		};
/* End PBXResourcesBuildPhase section */

/* Begin PBXSourcesBuildPhase section */
		4074EBDE2F70AEC1003DC839 /* Sources */ = {
			isa = PBXSourcesBuildPhase;
			buildActionMask = 2147483647;
			files = (
				403A83222F845E1E006A346B /* ContentView.swift in Sources */,
				403A83232F845E1E006A346B /* IconPickerView.swift in Sources */,
				403A83242F845E1E006A346B /* Conversation.swift in Sources */,
				403A83252F845E1E006A346B /* FirstAidChunk.swift in Sources */,
				403A83262F845E1E006A346B /* KitIconColor.swift in Sources */,
				403A83272F845E1E006A346B /* KitItem.swift in Sources */,
				403A83282F845E1E006A346B /* KitDetailView.swift in Sources */,
				403A83292F845E1E006A346B /* SettingsView.swift in Sources */,
				403A832A2F845E1E006A346B /* AssistantView.swift in Sources */,
				403A832B2F845E1E006A346B /* Kit.swift in Sources */,
				403A832C2F845E1E006A346B /* InventoryView.swift in Sources */,
				403A832D2F845E1E006A346B /* AddEditItemView.swift in Sources */,
				403A832E2F845E1E006A346B /* ReferenceView.swift in Sources */,
				403A832F2F845E1E006A346B /* APIClient.swift in Sources */,
				403A83302F845E1E006A346B /* AppSchema.swift in Sources */,
				403A83312F845E1E006A346B /* ItemCategory.swift in Sources */,
				403A83322F845E1E006A346B /* QMApp.swift in Sources */,
				403A83332F845E1E006A346B /* KitListView.swift in Sources */,
				403A83342F845E1E006A346B /* AddEditKitView.swift in Sources */,
			);
			runOnlyForDeploymentPostprocessing = 0;
		};
		4074EBED2F70AEC2003DC839 /* Sources */ = {
			isa = PBXSourcesBuildPhase;
			buildActionMask = 2147483647;
			files = (
			);
			runOnlyForDeploymentPostprocessing = 0;
		};
		4074EBF72F70AEC2003DC839 /* Sources */ = {
			isa = PBXSourcesBuildPhase;
			buildActionMask = 2147483647;
			files = (
			);
			runOnlyForDeploymentPostprocessing = 0;
		};
/* End PBXSourcesBuildPhase section */

/* Begin PBXTargetDependency section */
		4074EBF32F70AEC2003DC839 /* PBXTargetDependency */ = {
			isa = PBXTargetDependency;
			target = 4074EBE12F70AEC1003DC839 /* QM */;
			targetProxy = 4074EBF22F70AEC2003DC839 /* PBXContainerItemProxy */;
		};
		4074EBFD2F70AEC2003DC839 /* PBXTargetDependency */ = {
			isa = PBXTargetDependency;
			target = 4074EBE12F70AEC1003DC839 /* QM */;
			targetProxy = 4074EBFC2F70AEC2003DC839 /* PBXContainerItemProxy */;
		};
/* End PBXTargetDependency section */

/* Begin XCBuildConfiguration section */
		4074EC032F70AEC2003DC839 /* Debug */ = {
			isa = XCBuildConfiguration;
			buildSettings = {
				ALWAYS_SEARCH_USER_PATHS = NO;
				ASSETCATALOG_COMPILER_GENERATE_SWIFT_ASSET_SYMBOL_EXTENSIONS = YES;
				CLANG_ANALYZER_NONNULL = YES;
				CLANG_ANALYZER_NUMBER_OBJECT_CONVERSION = YES_AGGRESSIVE;
				CLANG_CXX_LANGUAGE_STANDARD = "gnu++20";
				CLANG_ENABLE_MODULES = YES;
				CLANG_ENABLE_OBJC_ARC = YES;
				CLANG_ENABLE_OBJC_WEAK = YES;
				CLANG_WARN_BLOCK_CAPTURE_AUTORELEASING = YES;
				CLANG_WARN_BOOL_CONVERSION = YES;
				CLANG_WARN_COMMA = YES;
				CLANG_WARN_CONSTANT_CONVERSION = YES;
				CLANG_WARN_DEPRECATED_OBJC_IMPLEMENTATIONS = YES;
				CLANG_WARN_DIRECT_OBJC_ISA_USAGE = YES_ERROR;
				CLANG_WARN_DOCUMENTATION_COMMENTS = YES;
				CLANG_WARN_EMPTY_BODY = YES;
				CLANG_WARN_ENUM_CONVERSION = YES;
				CLANG_WARN_INFINITE_RECURSION = YES;
				CLANG_WARN_INT_CONVERSION = YES;
				CLANG_WARN_NON_LITERAL_NULL_CONVERSION = YES;
				CLANG_WARN_OBJC_IMPLICIT_RETAIN_SELF = YES;
				CLANG_WARN_OBJC_LITERAL_CONVERSION = YES;
				CLANG_WARN_OBJC_ROOT_CLASS = YES_ERROR;
				CLANG_WARN_QUOTED_INCLUDE_IN_FRAMEWORK_HEADER = YES;
				CLANG_WARN_RANGE_LOOP_ANALYSIS = YES;
				CLANG_WARN_STRICT_PROTOTYPES = YES;
				CLANG_WARN_SUSPICIOUS_MOVE = YES;
				CLANG_WARN_UNGUARDED_AVAILABILITY = YES_AGGRESSIVE;
				CLANG_WARN_UNREACHABLE_CODE = YES;
				CLANG_WARN__DUPLICATE_METHOD_MATCH = YES;
				COPY_PHASE_STRIP = NO;
				DEBUG_INFORMATION_FORMAT = dwarf;
				DEVELOPMENT_TEAM = B44A6G53XM;
				ENABLE_STRICT_OBJC_MSGSEND = YES;
				ENABLE_TESTABILITY = YES;
				ENABLE_USER_SCRIPT_SANDBOXING = YES;
				GCC_C_LANGUAGE_STANDARD = gnu17;
				GCC_DYNAMIC_NO_PIC = NO;
				GCC_NO_COMMON_BLOCKS = YES;
				GCC_OPTIMIZATION_LEVEL = 0;
				GCC_PREPROCESSOR_DEFINITIONS = (
					"DEBUG=1",
					"$(inherited)",
				);
				GCC_WARN_64_TO_32_BIT_CONVERSION = YES;
				GCC_WARN_ABOUT_RETURN_TYPE = YES_ERROR;
				GCC_WARN_UNDECLARED_SELECTOR = YES;
				GCC_WARN_UNINITIALIZED_AUTOS = YES_AGGRESSIVE;
				GCC_WARN_UNUSED_FUNCTION = YES;
				GCC_WARN_UNUSED_VARIABLE = YES;
				IPHONEOS_DEPLOYMENT_TARGET = 26.1;
				LOCALIZATION_PREFERS_STRING_CATALOGS = YES;
				MTL_ENABLE_DEBUG_INFO = INCLUDE_SOURCE;
				MTL_FAST_MATH = YES;
				ONLY_ACTIVE_ARCH = YES;
				SDKROOT = iphoneos;
				SWIFT_ACTIVE_COMPILATION_CONDITIONS = "DEBUG $(inherited)";
				SWIFT_OPTIMIZATION_LEVEL = "-Onone";
			};
			name = Debug;
		};
		4074EC042F70AEC2003DC839 /* Release */ = {
			isa = XCBuildConfiguration;
			buildSettings = {
				ALWAYS_SEARCH_USER_PATHS = NO;
				ASSETCATALOG_COMPILER_GENERATE_SWIFT_ASSET_SYMBOL_EXTENSIONS = YES;
				CLANG_ANALYZER_NONNULL = YES;
				CLANG_ANALYZER_NUMBER_OBJECT_CONVERSION = YES_AGGRESSIVE;
				CLANG_CXX_LANGUAGE_STANDARD = "gnu++20";
				CLANG_ENABLE_MODULES = YES;
				CLANG_ENABLE_OBJC_ARC = YES;
				CLANG_ENABLE_OBJC_WEAK = YES;
				CLANG_WARN_BLOCK_CAPTURE_AUTORELEASING = YES;
				CLANG_WARN_BOOL_CONVERSION = YES;
				CLANG_WARN_COMMA = YES;
				CLANG_WARN_CONSTANT_CONVERSION = YES;
				CLANG_WARN_DEPRECATED_OBJC_IMPLEMENTATIONS = YES;
				CLANG_WARN_DIRECT_OBJC_ISA_USAGE = YES_ERROR;
				CLANG_WARN_DOCUMENTATION_COMMENTS = YES;
				CLANG_WARN_EMPTY_BODY = YES;
				CLANG_WARN_ENUM_CONVERSION = YES;
				CLANG_WARN_INFINITE_RECURSION = YES;
				CLANG_WARN_INT_CONVERSION = YES;
				CLANG_WARN_NON_LITERAL_NULL_CONVERSION = YES;
				CLANG_WARN_OBJC_IMPLICIT_RETAIN_SELF = YES;
				CLANG_WARN_OBJC_LITERAL_CONVERSION = YES;
				CLANG_WARN_OBJC_ROOT_CLASS = YES_ERROR;
				CLANG_WARN_QUOTED_INCLUDE_IN_FRAMEWORK_HEADER = YES;
				CLANG_WARN_RANGE_LOOP_ANALYSIS = YES;
				CLANG_WARN_STRICT_PROTOTYPES = YES;
				CLANG_WARN_SUSPICIOUS_MOVE = YES;
				CLANG_WARN_UNGUARDED_AVAILABILITY = YES_AGGRESSIVE;
				CLANG_WARN_UNREACHABLE_CODE = YES;
				CLANG_WARN__DUPLICATE_METHOD_MATCH = YES;
				COPY_PHASE_STRIP = NO;
				DEBUG_INFORMATION_FORMAT = "dwarf-with-dsym";
				DEVELOPMENT_TEAM = B44A6G53XM;
				ENABLE_NS_ASSERTIONS = NO;
				ENABLE_STRICT_OBJC_MSGSEND = YES;
				ENABLE_USER_SCRIPT_SANDBOXING = YES;
				GCC_C_LANGUAGE_STANDARD = gnu17;
				GCC_NO_COMMON_BLOCKS = YES;
				GCC_WARN_64_TO_32_BIT_CONVERSION = YES;
				GCC_WARN_ABOUT_RETURN_TYPE = YES_ERROR;
				GCC_WARN_UNDECLARED_SELECTOR = YES;
				GCC_WARN_UNINITIALIZED_AUTOS = YES_AGGRESSIVE;
				GCC_WARN_UNUSED_FUNCTION = YES;
				GCC_WARN_UNUSED_VARIABLE = YES;
				IPHONEOS_DEPLOYMENT_TARGET = 26.1;
				LOCALIZATION_PREFERS_STRING_CATALOGS = YES;
				MTL_ENABLE_DEBUG_INFO = NO;
				MTL_FAST_MATH = YES;
				SDKROOT = iphoneos;
				SWIFT_COMPILATION_MODE = wholemodule;
				VALIDATE_PRODUCT = YES;
			};
			name = Release;
		};
		4074EC062F70AEC2003DC839 /* Debug */ = {
			isa = XCBuildConfiguration;
			buildSettings = {
				ASSETCATALOG_COMPILER_APPICON_NAME = AppIcon;
				ASSETCATALOG_COMPILER_GLOBAL_ACCENT_COLOR_NAME = AccentColor;
				CODE_SIGN_STYLE = Automatic;
				CURRENT_PROJECT_VERSION = 1;
				DEVELOPMENT_TEAM = B44A6G53XM;
				ENABLE_PREVIEWS = YES;
				GENERATE_INFOPLIST_FILE = YES;
				INFOPLIST_KEY_UIApplicationSceneManifest_Generation = YES;
				INFOPLIST_KEY_UIApplicationSupportsIndirectInputEvents = YES;
				INFOPLIST_KEY_UILaunchScreen_Generation = YES;
				INFOPLIST_KEY_UISupportedInterfaceOrientations_iPad = "UIInterfaceOrientationPortrait UIInterfaceOrientationPortraitUpsideDown UIInterfaceOrientationLandscapeLeft UIInterfaceOrientationLandscapeRight";
				INFOPLIST_KEY_UISupportedInterfaceOrientations_iPhone = "UIInterfaceOrientationPortrait UIInterfaceOrientationLandscapeLeft UIInterfaceOrientationLandscapeRight";
				LD_RUNPATH_SEARCH_PATHS = (
					"$(inherited)",
					"@executable_path/Frameworks",
				);
				MARKETING_VERSION = 1.0;
				PRODUCT_BUNDLE_IDENTIFIER = Atmoshpere.QM;
				PRODUCT_NAME = "$(TARGET_NAME)";
				STRING_CATALOG_GENERATE_SYMBOLS = YES;
				SWIFT_APPROACHABLE_CONCURRENCY = YES;
				SWIFT_DEFAULT_ACTOR_ISOLATION = MainActor;
				SWIFT_EMIT_LOC_STRINGS = YES;
				SWIFT_UPCOMING_FEATURE_MEMBER_IMPORT_VISIBILITY = YES;
				SWIFT_VERSION = 5.0;
				TARGETED_DEVICE_FAMILY = "1,2";
			};
			name = Debug;
		};
		4074EC072F70AEC2003DC839 /* Release */ = {
			isa = XCBuildConfiguration;
			buildSettings = {
				ASSETCATALOG_COMPILER_APPICON_NAME = AppIcon;
				ASSETCATALOG_COMPILER_GLOBAL_ACCENT_COLOR_NAME = AccentColor;
				CODE_SIGN_STYLE = Automatic;
				CURRENT_PROJECT_VERSION = 1;
				DEVELOPMENT_TEAM = B44A6G53XM;
				ENABLE_PREVIEWS = YES;
				GENERATE_INFOPLIST_FILE = YES;
				INFOPLIST_KEY_UIApplicationSceneManifest_Generation = YES;
				INFOPLIST_KEY_UIApplicationSupportsIndirectInputEvents = YES;
				INFOPLIST_KEY_UILaunchScreen_Generation = YES;
				INFOPLIST_KEY_UISupportedInterfaceOrientations_iPad = "UIInterfaceOrientationPortrait UIInterfaceOrientationPortraitUpsideDown UIInterfaceOrientationLandscapeLeft UIInterfaceOrientationLandscapeRight";
				INFOPLIST_KEY_UISupportedInterfaceOrientations_iPhone = "UIInterfaceOrientationPortrait UIInterfaceOrientationLandscapeLeft UIInterfaceOrientationLandscapeRight";
				LD_RUNPATH_SEARCH_PATHS = (
					"$(inherited)",
					"@executable_path/Frameworks",
				);
				MARKETING_VERSION = 1.0;
				PRODUCT_BUNDLE_IDENTIFIER = Atmoshpere.QM;
				PRODUCT_NAME = "$(TARGET_NAME)";
				STRING_CATALOG_GENERATE_SYMBOLS = YES;
				SWIFT_APPROACHABLE_CONCURRENCY = YES;
				SWIFT_DEFAULT_ACTOR_ISOLATION = MainActor;
				SWIFT_EMIT_LOC_STRINGS = YES;
				SWIFT_UPCOMING_FEATURE_MEMBER_IMPORT_VISIBILITY = YES;
				SWIFT_VERSION = 5.0;
				TARGETED_DEVICE_FAMILY = "1,2";
			};
			name = Release;
		};
		4074EC092F70AEC2003DC839 /* Debug */ = {
			isa = XCBuildConfiguration;
			buildSettings = {
				BUNDLE_LOADER = "$(TEST_HOST)";
				CODE_SIGN_STYLE = Automatic;
				CURRENT_PROJECT_VERSION = 1;
				DEVELOPMENT_TEAM = B44A6G53XM;
				GENERATE_INFOPLIST_FILE = YES;
				IPHONEOS_DEPLOYMENT_TARGET = 26.1;
				MARKETING_VERSION = 1.0;
				PRODUCT_BUNDLE_IDENTIFIER = Atmoshpere.QMTests;
				PRODUCT_NAME = "$(TARGET_NAME)";
				STRING_CATALOG_GENERATE_SYMBOLS = NO;
				SWIFT_APPROACHABLE_CONCURRENCY = YES;
				SWIFT_EMIT_LOC_STRINGS = NO;
				SWIFT_UPCOMING_FEATURE_MEMBER_IMPORT_VISIBILITY = YES;
				SWIFT_VERSION = 5.0;
				TARGETED_DEVICE_FAMILY = "1,2";
				TEST_HOST = "$(BUILT_PRODUCTS_DIR)/QM.app/$(BUNDLE_EXECUTABLE_FOLDER_PATH)/QM";
			};
			name = Debug;
		};
		4074EC0A2F70AEC2003DC839 /* Release */ = {
			isa = XCBuildConfiguration;
			buildSettings = {
				BUNDLE_LOADER = "$(TEST_HOST)";
				CODE_SIGN_STYLE = Automatic;
				CURRENT_PROJECT_VERSION = 1;
				DEVELOPMENT_TEAM = B44A6G53XM;
				GENERATE_INFOPLIST_FILE = YES;
				IPHONEOS_DEPLOYMENT_TARGET = 26.1;
				MARKETING_VERSION = 1.0;
				PRODUCT_BUNDLE_IDENTIFIER = Atmoshpere.QMTests;
				PRODUCT_NAME = "$(TARGET_NAME)";
				STRING_CATALOG_GENERATE_SYMBOLS = NO;
				SWIFT_APPROACHABLE_CONCURRENCY = YES;
				SWIFT_EMIT_LOC_STRINGS = NO;
				SWIFT_UPCOMING_FEATURE_MEMBER_IMPORT_VISIBILITY = YES;
				SWIFT_VERSION = 5.0;
				TARGETED_DEVICE_FAMILY = "1,2";
				TEST_HOST = "$(BUILT_PRODUCTS_DIR)/QM.app/$(BUNDLE_EXECUTABLE_FOLDER_PATH)/QM";
			};
			name = Release;
		};
		4074EC0C2F70AEC2003DC839 /* Debug */ = {
			isa = XCBuildConfiguration;
			buildSettings = {
				CODE_SIGN_STYLE = Automatic;
				CURRENT_PROJECT_VERSION = 1;
				DEVELOPMENT_TEAM = B44A6G53XM;
				GENERATE_INFOPLIST_FILE = YES;
				MARKETING_VERSION = 1.0;
				PRODUCT_BUNDLE_IDENTIFIER = Atmoshpere.QMUITests;
				PRODUCT_NAME = "$(TARGET_NAME)";
				STRING_CATALOG_GENERATE_SYMBOLS = NO;
				SWIFT_APPROACHABLE_CONCURRENCY = YES;
				SWIFT_EMIT_LOC_STRINGS = NO;
				SWIFT_UPCOMING_FEATURE_MEMBER_IMPORT_VISIBILITY = YES;
				SWIFT_VERSION = 5.0;
				TARGETED_DEVICE_FAMILY = "1,2";
				TEST_TARGET_NAME = QM;
			};
			name = Debug;
		};
		4074EC0D2F70AEC2003DC839 /* Release */ = {
			isa = XCBuildConfiguration;
			buildSettings = {
				CODE_SIGN_STYLE = Automatic;
				CURRENT_PROJECT_VERSION = 1;
				DEVELOPMENT_TEAM = B44A6G53XM;
				GENERATE_INFOPLIST_FILE = YES;
				MARKETING_VERSION = 1.0;
				PRODUCT_BUNDLE_IDENTIFIER = Atmoshpere.QMUITests;
				PRODUCT_NAME = "$(TARGET_NAME)";
				STRING_CATALOG_GENERATE_SYMBOLS = NO;
				SWIFT_APPROACHABLE_CONCURRENCY = YES;
				SWIFT_EMIT_LOC_STRINGS = NO;
				SWIFT_UPCOMING_FEATURE_MEMBER_IMPORT_VISIBILITY = YES;
				SWIFT_VERSION = 5.0;
				TARGETED_DEVICE_FAMILY = "1,2";
				TEST_TARGET_NAME = QM;
			};
			name = Release;
		};
/* End XCBuildConfiguration section */

/* Begin XCConfigurationList section */
		4074EBDD2F70AEC1003DC839 /* Build configuration list for PBXProject "QM" */ = {
			isa = XCConfigurationList;
			buildConfigurations = (
				4074EC032F70AEC2003DC839 /* Debug */,
				4074EC042F70AEC2003DC839 /* Release */,
			);
			defaultConfigurationIsVisible = 0;
			defaultConfigurationName = Release;
		};
		4074EC052F70AEC2003DC839 /* Build configuration list for PBXNativeTarget "QM" */ = {
			isa = XCConfigurationList;
			buildConfigurations = (
				4074EC062F70AEC2003DC839 /* Debug */,
				4074EC072F70AEC2003DC839 /* Release */,
			);
			defaultConfigurationIsVisible = 0;
			defaultConfigurationName = Release;
		};
		4074EC082F70AEC2003DC839 /* Build configuration list for PBXNativeTarget "QMTests" */ = {
			isa = XCConfigurationList;
			buildConfigurations = (
				4074EC092F70AEC2003DC839 /* Debug */,
				4074EC0A2F70AEC2003DC839 /* Release */,
			);
			defaultConfigurationIsVisible = 0;
			defaultConfigurationName = Release;
		};
		4074EC0B2F70AEC2003DC839 /* Build configuration list for PBXNativeTarget "QMUITests" */ = {
			isa = XCConfigurationList;
			buildConfigurations = (
				4074EC0C2F70AEC2003DC839 /* Debug */,
				4074EC0D2F70AEC2003DC839 /* Release */,
			);
			defaultConfigurationIsVisible = 0;
			defaultConfigurationName = Release;
		};
/* End XCConfigurationList section */
	};
	rootObject = 4074EBDA2F70AEC1003DC839 /* Project object */;
}
